// !$*UTF8*$!
{
	archiveVersion = 1;
	classes = {
	};
	objectVersion = 46;
	objects = {

/* Begin PBXBuildFile section */
		3C04E20620056CED0009B96E /* iMessageParity.m in Sources */ = {isa = PBXBuildFile; fileRef = 3C04E20220056CED0009B96E /* iMessageParity.m */; };
		3C04E20820056CED0009B96E /* ZKSwizzle.m in Sources */ = {isa = PBXBuildFile; fileRef = 3C04E20520056CED0009B96E /* ZKSwizzle.m */; };
		D3B6F29D209FB38600C8F9C5 /* party.pdf in Resources */ = {isa = PBXBuildFile; fileRef = D3B6F29C209FB38600C8F9C5 /* party.pdf */; };
		FB3DE7EA201DB03500FB52C3 /* partyView.xib in Resources */ = {isa = PBXBuildFile; fileRef = FB3DE7E9201DB03500FB52C3 /* partyView.xib */; };
/* End PBXBuildFile section */

/* Begin PBXFileReference section */
		3C04E20220056CED0009B96E /* iMessageParity.m */ = {isa = PBXFileReference; fileEncoding = 4; lastKnownFileType = sourcecode.c.objc; path = iMessageParity.m; sourceTree = "<group>"; };
		3C04E20320056CED0009B96E /* Info.plist */ = {isa = PBXFileReference; fileEncoding = 4; lastKnownFileType = text.plist.xml; path = Info.plist; sourceTree = "<group>"; };
		3C04E20420056CED0009B96E /* ZKSwizzle.h */ = {isa = PBXFileReference; fileEncoding = 4; lastKnownFileType = sourcecode.c.h; path = ZKSwizzle.h; sourceTree = "<group>"; };
		3C04E20520056CED0009B96E /* ZKSwizzle.m */ = {isa = PBXFileReference; fileEncoding = 4; lastKnownFileType = sourcecode.c.objc; path = ZKSwizzle.m; sourceTree = "<group>"; };
		A7B30BA11A9BA5E500B08F72 /* iMessageParity.bundle */ = {isa = PBXFileReference; explicitFileType = wrapper.cfbundle; includeInIndex = 0; path = iMessageParity.bundle; sourceTree = BUILT_PRODUCTS_DIR; };
		D3B6F29C209FB38600C8F9C5 /* party.pdf */ = {isa = PBXFileReference; lastKnownFileType = image.pdf; path = party.pdf; sourceTree = "<group>"; };
		FB3DE7E9201DB03500FB52C3 /* partyView.xib */ = {isa = PBXFileReference; lastKnownFileType = file.xib; path = partyView.xib; sourceTree = "<group>"; };
/* End PBXFileReference section */

/* Begin PBXFrameworksBuildPhase section */
		A7B30B9E1A9BA5E500B08F72 /* Frameworks */ = {
			isa = PBXFrameworksBuildPhase;
			buildActionMask = 2147483647;
			files = (
			);
			runOnlyForDeploymentPostprocessing = 0;
		};
/* End PBXFrameworksBuildPhase section */

/* Begin PBXGroup section */
		3C04E20120056CED0009B96E /* iMessageParity */ = {
			isa = PBXGroup;
			children = (
				FBA32091201DD5CF000200C1 /* ZKSwizzle */,
				D3B6F29C209FB38600C8F9C5 /* party.pdf */,
				3C04E20220056CED0009B96E /* iMessageParity.m */,
				FB3DE7E9201DB03500FB52C3 /* partyView.xib */,
				3C04E20320056CED0009B96E /* Info.plist */,
			);
			path = iMessageParity;
			sourceTree = "<group>";
		};
		A7B30B981A9BA5E500B08F72 = {
			isa = PBXGroup;
			children = (
				3C04E20120056CED0009B96E /* iMessageParity */,
				A7B30BA21A9BA5E500B08F72 /* Products */,
			);
			sourceTree = "<group>";
		};
		A7B30BA21A9BA5E500B08F72 /* Products */ = {
			isa = PBXGroup;
			children = (
				A7B30BA11A9BA5E500B08F72 /* iMessageParity.bundle */,
			);
			name = Products;
			sourceTree = "<group>";
		};
		FBA32091201DD5CF000200C1 /* ZKSwizzle */ = {
			isa = PBXGroup;
			children = (
				3C04E20420056CED0009B96E /* ZKSwizzle.h */,
				3C04E20520056CED0009B96E /* ZKSwizzle.m */,
			);
			path = ZKSwizzle;
			sourceTree = "<group>";
		};
/* End PBXGroup section */

/* Begin PBXNativeTarget section */
		A7B30BA01A9BA5E500B08F72 /* iMessageParity */ = {
			isa = PBXNativeTarget;
			buildConfigurationList = A7B30BA81A9BA5E500B08F72 /* Build configuration list for PBXNativeTarget "iMessageParity" */;
			buildPhases = (
				A7B30B9D1A9BA5E500B08F72 /* Sources */,
				A7B30B9E1A9BA5E500B08F72 /* Frameworks */,
				A7B30B9F1A9BA5E500B08F72 /* Resources */,
				A7176F0D1A9BECDA001EA471 /* ShellScript */,
			);
			buildRules = (
			);
			dependencies = (
			);
			name = iMessageParity;
			productName = DockTests;
			productReference = A7B30BA11A9BA5E500B08F72 /* iMessageParity.bundle */;
			productType = "com.apple.product-type.bundle";
		};
/* End PBXNativeTarget section */

/* Begin PBXProject section */
		A7B30B991A9BA5E500B08F72 /* Project object */ = {
			isa = PBXProject;
			attributes = {
				LastUpgradeCheck = 0930;
				ORGANIZATIONNAME = "Carl Henderson";
				TargetAttributes = {
					A7B30BA01A9BA5E500B08F72 = {
						CreatedOnToolsVersion = 6.1.1;
					};
				};
			};
			buildConfigurationList = A7B30B9C1A9BA5E500B08F72 /* Build configuration list for PBXProject "iMessageParity" */;
			compatibilityVersion = "Xcode 3.2";
			developmentRegion = English;
			hasScannedForEncodings = 0;
			knownRegions = (
				en,
			);
			mainGroup = A7B30B981A9BA5E500B08F72;
			productRefGroup = A7B30BA21A9BA5E500B08F72 /* Products */;
			projectDirPath = "";
			projectRoot = "";
			targets = (
				A7B30BA01A9BA5E500B08F72 /* iMessageParity */,
			);
		};
/* End PBXProject section */

/* Begin PBXResourcesBuildPhase section */
		A7B30B9F1A9BA5E500B08F72 /* Resources */ = {
			isa = PBXResourcesBuildPhase;
			buildActionMask = 2147483647;
			files = (
				FB3DE7EA201DB03500FB52C3 /* partyView.xib in Resources */,
				D3B6F29D209FB38600C8F9C5 /* party.pdf in Resources */,
			);
			runOnlyForDeploymentPostprocessing = 0;
		};
/* End PBXResourcesBuildPhase section */

/* Begin PBXShellScriptBuildPhase section */
		A7176F0D1A9BECDA001EA471 /* ShellScript */ = {
			isa = PBXShellScriptBuildPhase;
			buildActionMask = 2147483647;
			files = (
			);
			inputPaths = (
			);
			outputPaths = (
			);
			runOnlyForDeploymentPostprocessing = 0;
			shellPath = /bin/sh;
			shellScript = "# /usr/local/bin/terminal-notifier -message \"Test message 1\"\ncp -Rf \"${BUILT_PRODUCTS_DIR}/${EXECUTABLE_NAME}.bundle\" /Library/Application\\ Support/SIMBL/Plugins\nkillall -KILL Messages\nsleep 1\nosascript -e 'tell application \"Messages\" to inject SIMBL'\n";
		};
/* End PBXShellScriptBuildPhase section */

/* Begin PBXSourcesBuildPhase section */
		A7B30B9D1A9BA5E500B08F72 /* Sources */ = {
			isa = PBXSourcesBuildPhase;
			buildActionMask = 2147483647;
			files = (
				3C04E20620056CED0009B96E /* iMessageParity.m in Sources */,
				3C04E20820056CED0009B96E /* ZKSwizzle.m in Sources */,
			);
			runOnlyForDeploymentPostprocessing = 0;
		};
/* End PBXSourcesBuildPhase section */

/* Begin XCBuildConfiguration section */
		A7B30BA61A9BA5E500B08F72 /* Debug */ = {
			isa = XCBuildConfiguration;
			buildSettings = {
				ALWAYS_SEARCH_USER_PATHS = NO;
				CLANG_CXX_LANGUAGE_STANDARD = "gnu++0x";
				CLANG_CXX_LIBRARY = "libc++";
				CLANG_ENABLE_MODULES = YES;
				CLANG_ENABLE_OBJC_ARC = NO;
				CLANG_WARN_BLOCK_CAPTURE_AUTORELEASING = YES;
				CLANG_WARN_BOOL_CONVERSION = YES;
				CLANG_WARN_COMMA = YES;
				CLANG_WARN_CONSTANT_CONVERSION = YES;
				CLANG_WARN_DEPRECATED_OBJC_IMPLEMENTATIONS = YES;
				CLANG_WARN_DIRECT_OBJC_ISA_USAGE = YES_ERROR;
				CLANG_WARN_EMPTY_BODY = YES;
				CLANG_WARN_ENUM_CONVERSION = YES;
				CLANG_WARN_INFINITE_RECURSION = YES;
				CLANG_WARN_INT_CONVERSION = YES;
				CLANG_WARN_NON_LITERAL_NULL_CONVERSION = YES;
				CLANG_WARN_OBJC_IMPLICIT_RETAIN_SELF = YES;
				CLANG_WARN_OBJC_LITERAL_CONVERSION = YES;
				CLANG_WARN_OBJC_ROOT_CLASS = YES_ERROR;
				CLANG_WARN_RANGE_LOOP_ANALYSIS = YES;
				CLANG_WARN_STRICT_PROTOTYPES = YES;
				CLANG_WARN_SUSPICIOUS_MOVE = YES;
				CLANG_WARN_UNREACHABLE_CODE = YES;
				CLANG_WARN__DUPLICATE_METHOD_MATCH = YES;
				COPY_PHASE_STRIP = NO;
				ENABLE_STRICT_OBJC_MSGSEND = YES;
				ENABLE_TESTABILITY = YES;
				GCC_C_LANGUAGE_STANDARD = gnu99;
				GCC_DYNAMIC_NO_PIC = NO;
				GCC_NO_COMMON_BLOCKS = YES;
				GCC_OPTIMIZATION_LEVEL = 0;
				GCC_PREPROCESSOR_DEFINITIONS = (
					"DEBUG=1",
					"$(inherited)",
				);
				GCC_SYMBOLS_PRIVATE_EXTERN = NO;
				GCC_WARN_64_TO_32_BIT_CONVERSION = YES;
				GCC_WARN_ABOUT_RETURN_TYPE = YES_ERROR;
				GCC_WARN_UNDECLARED_SELECTOR = YES;
				GCC_WARN_UNINITIALIZED_AUTOS = YES_AGGRESSIVE;
				GCC_WARN_UNUSED_FUNCTION = YES;
				GCC_WARN_UNUSED_VARIABLE = YES;
				MACOSX_DEPLOYMENT_TARGET = 10.13;
				MTL_ENABLE_DEBUG_INFO = YES;
				ONLY_ACTIVE_ARCH = YES;
				SDKROOT = macosx;
			};
			name = Debug;
		};
		A7B30BA71A9BA5E500B08F72 /* Release */ = {
			isa = XCBuildConfiguration;
			buildSettings = {
				ALWAYS_SEARCH_USER_PATHS = NO;
				CLANG_CXX_LANGUAGE_STANDARD = "gnu++0x";
				CLANG_CXX_LIBRARY = "libc++";
				CLANG_ENABLE_MODULES = YES;
				CLANG_ENABLE_OBJC_ARC = NO;
				CLANG_WARN_BLOCK_CAPTURE_AUTORELEASING = YES;
				CLANG_WARN_BOOL_CONVERSION = YES;
				CLANG_WARN_COMMA = YES;
				CLANG_WARN_CONSTANT_CONVERSION = YES;
				CLANG_WARN_DEPRECATED_OBJC_IMPLEMENTATIONS = YES;
				CLANG_WARN_DIRECT_OBJC_ISA_USAGE = YES_ERROR;
				CLANG_WARN_EMPTY_BODY = YES;
				CLANG_WARN_ENUM_CONVERSION = YES;
				CLANG_WARN_INFINITE_RECURSION = YES;
				CLANG_WARN_INT_CONVERSION = YES;
				CLANG_WARN_NON_LITERAL_NULL_CONVERSION = YES;
				CLANG_WARN_OBJC_IMPLICIT_RETAIN_SELF = YES;
				CLANG_WARN_OBJC_LITERAL_CONVERSION = YES;
				CLANG_WARN_OBJC_ROOT_CLASS = YES_ERROR;
				CLANG_WARN_RANGE_LOOP_ANALYSIS = YES;
				CLANG_WARN_STRICT_PROTOTYPES = YES;
				CLANG_WARN_SUSPICIOUS_MOVE = YES;
				CLANG_WARN_UNREACHABLE_CODE = YES;
				CLANG_WARN__DUPLICATE_METHOD_MATCH = YES;
				COPY_PHASE_STRIP = YES;
				DEBUG_INFORMATION_FORMAT = "dwarf-with-dsym";
				ENABLE_NS_ASSERTIONS = NO;
				ENABLE_STRICT_OBJC_MSGSEND = YES;
				GCC_C_LANGUAGE_STANDARD = gnu99;
				GCC_NO_COMMON_BLOCKS = YES;
				GCC_WARN_64_TO_32_BIT_CONVERSION = YES;
				GCC_WARN_ABOUT_RETURN_TYPE = YES_ERROR;
				GCC_WARN_UNDECLARED_SELECTOR = YES;
				GCC_WARN_UNINITIALIZED_AUTOS = YES_AGGRESSIVE;
				GCC_WARN_UNUSED_FUNCTION = YES;
				GCC_WARN_UNUSED_VARIABLE = YES;
				MACOSX_DEPLOYMENT_TARGET = 10.13;
				MTL_ENABLE_DEBUG_INFO = NO;
				SDKROOT = macosx;
			};
			name = Release;
		};
		A7B30BA91A9BA5E500B08F72 /* Debug */ = {
			isa = XCBuildConfiguration;
			buildSettings = {
				CLANG_ENABLE_MODULES = YES;
				CLANG_ENABLE_OBJC_WEAK = YES;
				COMBINE_HIDPI_IMAGES = YES;
				INFOPLIST_FILE = "$(PROJECT_DIR)/$(PROJECT_NAME)/Info.plist";
				INSTALL_PATH = "$(LOCAL_LIBRARY_DIR)/Application Support/SIMBL/Plugins";
				LD_RUNPATH_SEARCH_PATHS = "$(inherited) @executable_path/../Frameworks @loader_path/../Frameworks";
				PRODUCT_BUNDLE_IDENTIFIER = com.sky.imessageParity;
				PRODUCT_NAME = iMessageParity;
				SKIP_INSTALL = YES;
				SWIFT_OBJC_BRIDGING_HEADER = "DockTests/DockTests-Bridging-Header.h";
				SWIFT_OPTIMIZATION_LEVEL = "-Onone";
				WRAPPER_EXTENSION = bundle;
			};
			name = Debug;
		};
		A7B30BAA1A9BA5E500B08F72 /* Release */ = {
			isa = XCBuildConfiguration;
			buildSettings = {
				CLANG_ENABLE_MODULES = YES;
				CLANG_ENABLE_OBJC_WEAK = YES;
				COMBINE_HIDPI_IMAGES = YES;
				INFOPLIST_FILE = "$(PROJECT_DIR)/$(PROJECT_NAME)/Info.plist";
				INSTALL_PATH = "$(LOCAL_LIBRARY_DIR)/Application Support/SIMBL/Plugins";
				LD_RUNPATH_SEARCH_PATHS = "$(inherited) @executable_path/../Frameworks @loader_path/../Frameworks";
				PRODUCT_BUNDLE_IDENTIFIER = com.sky.imessageParity;
				PRODUCT_NAME = iMessageParity;
				SKIP_INSTALL = YES;
				SWIFT_OBJC_BRIDGING_HEADER = "DockTests/DockTests-Bridging-Header.h";
				WRAPPER_EXTENSION = bundle;
			};
			name = Release;
		};
/* End XCBuildConfiguration section */

/* Begin XCConfigurationList section */
		A7B30B9C1A9BA5E500B08F72 /* Build configuration list for PBXProject "iMessageParity" */ = {
			isa = XCConfigurationList;
			buildConfigurations = (
				A7B30BA61A9BA5E500B08F72 /* Debug */,
				A7B30BA71A9BA5E500B08F72 /* Release */,
			);
			defaultConfigurationIsVisible = 0;
			defaultConfigurationName = Release;
		};
		A7B30BA81A9BA5E500B08F72 /* Build configuration list for PBXNativeTarget "iMessageParity" */ = {
			isa = XCConfigurationList;
			buildConfigurations = (
				A7B30BA91A9BA5E500B08F72 /* Debug */,
				A7B30BAA1A9BA5E500B08F72 /* Release */,
			);
			defaultConfigurationIsVisible = 0;
			defaultConfigurationName = Release;
		};
/* End XCConfigurationList section */
	};
	rootObject = A7B30B991A9BA5E500B08F72 /* Project object */;
}
